
Microsoft Visual Studio Solution File, Format Version 12.00
# Visual Studio Version 17
VisualStudioVersion = 17.1.32328.378
MinimumVisualStudioVersion = 10.0.40219.1
Project("{FAE04EC0-301F-11D3-BF4B-00C04F79EFBC}") = "Transacao-API", "Transacao-API\Transacao-API.csproj", "{2DAF7420-FD7F-4CA1-BA2B-B8AA25CF3FB6}"
EndProject
Project("{FAE04EC0-301F-11D3-BF4B-00C04F79EFBC}") = "Saldo-API", "Saldo-API\Saldo-API.csproj", "{B4B914AF-F646-4F86-A2DD-2706C4C35693}"
EndProject
Global
	GlobalSection(SolutionConfigurationPlatforms) = preSolution
		Debug|Any CPU = Debug|Any CPU
		Release|Any CPU = Release|Any CPU
	EndGlobalSection
	GlobalSection(ProjectConfigurationPlatforms) = postSolution
		{2DAF7420-FD7F-4CA1-BA2B-B8AA25CF3FB6}.Debug|Any CPU.ActiveCfg = Debug|Any CPU
		{2DAF7420-FD7F-4CA1-BA2B-B8AA25CF3FB6}.Debug|Any CPU.Build.0 = Debug|Any CPU
		{2DAF7420-FD7F-4CA1-BA2B-B8AA25CF3FB6}.Release|Any CPU.ActiveCfg = Release|Any CPU
		{2DAF7420-FD7F-4CA1-BA2B-B8AA25CF3FB6}.Release|Any CPU.Build.0 = Release|Any CPU
		{B4B914AF-F646-4F86-A2DD-2706C4C35693}.Debug|Any CPU.ActiveCfg = Debug|Any CPU
		{B4B914AF-F646-4F86-A2DD-2706C4C35693}.Debug|Any CPU.Build.0 = Debug|Any CPU
		{B4B914AF-F646-4F86-A2DD-2706C4C35693}.Release|Any CPU.ActiveCfg = Release|Any CPU
		{B4B914AF-F646-4F86-A2DD-2706C4C35693}.Release|Any CPU.Build.0 = Release|Any CPU
	EndGlobalSection
	GlobalSection(SolutionProperties) = preSolution
		HideSolutionNode = FALSE
	EndGlobalSection
	GlobalSection(ExtensibilityGlobals) = postSolution
		SolutionGuid = {B8E8FCF1-376A-4D09-96A3-C822453867F1}
	EndGlobalSection
EndGlobal
